
Microsoft Visual Studio Solution File, Format Version 12.00
# Visual Studio Version 17
VisualStudioVersion = 17.9.34728.123
MinimumVisualStudioVersion = 10.0.40219.1
Project("{8BC9CEB8-8B4A-11D0-8D11-00A0C91BC942}") = "MIKROPROJEKT", "MIKROPROJEKT.vcxproj", "{73F28B32-AE56-4E47-BF44-88E191E6D450}"
EndProject
Global
	GlobalSection(SolutionConfigurationPlatforms) = preSolution
		Debug|x64 = Debug|x64
		Debug|x86 = Debug|x86
		Release|x64 = Release|x64
		Release|x86 = Release|x86
	EndGlobalSection
	GlobalSection(ProjectConfigurationPlatforms) = postSolution
		{73F28B32-AE56-4E47-BF44-88E191E6D450}.Debug|x64.ActiveCfg = Debug|x64
		{73F28B32-AE56-4E47-BF44-88E191E6D450}.Debug|x64.Build.0 = Debug|x64
		{73F28B32-AE56-4E47-BF44-88E191E6D450}.Debug|x86.ActiveCfg = Debug|Win32
		{73F28B32-AE56-4E47-BF44-88E191E6D450}.Debug|x86.Build.0 = Debug|Win32
		{73F28B32-AE56-4E47-BF44-88E191E6D450}.Release|x64.ActiveCfg = Release|x64
		{73F28B32-AE56-4E47-BF44-88E191E6D450}.Release|x64.Build.0 = Release|x64
		{73F28B32-AE56-4E47-BF44-88E191E6D450}.Release|x86.ActiveCfg = Release|Win32
		{73F28B32-AE56-4E47-BF44-88E191E6D450}.Release|x86.Build.0 = Release|Win32
	EndGlobalSection
	GlobalSection(SolutionProperties) = preSolution
		HideSolutionNode = FALSE
	EndGlobalSection
	GlobalSection(ExtensibilityGlobals) = postSolution
		SolutionGuid = {E49B973A-E6F1-4B65-8039-A9BE2B7291DE}
	EndGlobalSection
EndGlobal
